{
  "lockfileVersion": 1,
  "workspaces": {
    "": {
      "name": "event-service-agent",
      "devDependencies": {
        "@biomejs/biome": "catalog:lint",
        "@tsconfig/bun": "catalog:typescript",
        "@tsconfig/strictest": "catalog:typescript",
        "typescript": "catalog:typescript",
      },
    },
    "packages/adapters": {
      "name": "@event-service-agent/adapters",
      "version": "0.0.1",
      "dependencies": {
        "@event-service-agent/contracts": "workspace:*",
      },
    },
    "packages/api": {
      "name": "@event-service-agent/api",
      "version": "0.0.1",
      "dependencies": {
        "@event-service-agent/contracts": "workspace:*",
      },
    },
    "packages/contracts": {
      "name": "@event-service-agent/contracts",
      "version": "0.0.1",
      "dependencies": {
        "effect": "catalog:effect",
      },
    },
    "packages/execution": {
      "name": "@event-service-agent/execution",
      "version": "0.0.1",
      "dependencies": {
        "@event-service-agent/contracts": "workspace:*",
      },
    },
    "packages/orchestration": {
      "name": "@event-service-agent/orchestration",
      "version": "0.0.1",
      "dependencies": {
        "@event-service-agent/contracts": "workspace:*",
      },
    },
    "packages/timer": {
      "name": "@event-service-agent/timer",
      "version": "0.0.1",
      "dependencies": {
        "@event-service-agent/contracts": "workspace:*",
      },
    },
    "packages/ui": {
      "name": "@event-service-agent/ui",
      "version": "0.0.1",
    },
  },
  "catalogs": {
    "effect": {
      "@effect/language-service": "0.41.1",
      "effect": "3.18.2",
    },
    "lint": {
      "@biomejs/biome": "2.2.5",
    },
    "types": {
      "@total-typescript/ts-reset": "0.6.1",
      "@types/bun": "1.2.23",
    },
    "typescript": {
      "@tsconfig/bun": "1.0.9",
      "@tsconfig/strictest": "2.0.6",
      "typescript": "5.9.3",
    },
  },
  "packages": {
    "@biomejs/biome": ["@biomejs/biome@2.2.5", "", { "optionalDependencies": { "@biomejs/cli-darwin-arm64": "2.2.5", "@biomejs/cli-darwin-x64": "2.2.5", "@biomejs/cli-linux-arm64": "2.2.5", "@biomejs/cli-linux-arm64-musl": "2.2.5", "@biomejs/cli-linux-x64": "2.2.5", "@biomejs/cli-linux-x64-musl": "2.2.5", "@biomejs/cli-win32-arm64": "2.2.5", "@biomejs/cli-win32-x64": "2.2.5" }, "bin": { "biome": "bin/biome" } }, "sha512-zcIi+163Rc3HtyHbEO7CjeHq8DjQRs40HsGbW6vx2WI0tg8mYQOPouhvHSyEnCBAorfYNnKdR64/IxO7xQ5faw=="],

    "@biomejs/cli-darwin-arm64": ["@biomejs/cli-darwin-arm64@2.2.5", "", { "os": "darwin", "cpu": "arm64" }, "sha512-MYT+nZ38wEIWVcL5xLyOhYQQ7nlWD0b/4mgATW2c8dvq7R4OQjt/XGXFkXrmtWmQofaIM14L7V8qIz/M+bx5QQ=="],

    "@biomejs/cli-darwin-x64": ["@biomejs/cli-darwin-x64@2.2.5", "", { "os": "darwin", "cpu": "x64" }, "sha512-FLIEl73fv0R7dI10EnEiZLw+IMz3mWLnF95ASDI0kbx6DDLJjWxE5JxxBfmG+udz1hIDd3fr5wsuP7nwuTRdAg=="],

    "@biomejs/cli-linux-arm64": ["@biomejs/cli-linux-arm64@2.2.5", "", { "os": "linux", "cpu": "arm64" }, "sha512-5DjiiDfHqGgR2MS9D+AZ8kOfrzTGqLKywn8hoXpXXlJXIECGQ32t+gt/uiS2XyGBM2XQhR6ztUvbjZWeccFMoQ=="],

    "@biomejs/cli-linux-arm64-musl": ["@biomejs/cli-linux-arm64-musl@2.2.5", "", { "os": "linux", "cpu": "arm64" }, "sha512-5Ov2wgAFwqDvQiESnu7b9ufD1faRa+40uwrohgBopeY84El2TnBDoMNXx6iuQdreoFGjwW8vH6k68G21EpNERw=="],

    "@biomejs/cli-linux-x64": ["@biomejs/cli-linux-x64@2.2.5", "", { "os": "linux", "cpu": "x64" }, "sha512-fq9meKm1AEXeAWan3uCg6XSP5ObA6F/Ovm89TwaMiy1DNIwdgxPkNwxlXJX8iM6oRbFysYeGnT0OG8diCWb9ew=="],

    "@biomejs/cli-linux-x64-musl": ["@biomejs/cli-linux-x64-musl@2.2.5", "", { "os": "linux", "cpu": "x64" }, "sha512-AVqLCDb/6K7aPNIcxHaTQj01sl1m989CJIQFQEaiQkGr2EQwyOpaATJ473h+nXDUuAcREhccfRpe/tu+0wu0eQ=="],

    "@biomejs/cli-win32-arm64": ["@biomejs/cli-win32-arm64@2.2.5", "", { "os": "win32", "cpu": "arm64" }, "sha512-xaOIad4wBambwJa6mdp1FigYSIF9i7PCqRbvBqtIi9y29QtPVQ13sDGtUnsRoe6SjL10auMzQ6YAe+B3RpZXVg=="],

    "@biomejs/cli-win32-x64": ["@biomejs/cli-win32-x64@2.2.5", "", { "os": "win32", "cpu": "x64" }, "sha512-F/jhuXCssPFAuciMhHKk00xnCAxJRS/pUzVfXYmOMUp//XW7mO6QeCjsjvnm8L4AO/dG2VOB0O+fJPiJ2uXtIw=="],

    "@event-service-agent/adapters": ["@event-service-agent/adapters@workspace:packages/adapters"],

    "@event-service-agent/api": ["@event-service-agent/api@workspace:packages/api"],

    "@event-service-agent/contracts": ["@event-service-agent/contracts@workspace:packages/contracts"],

    "@event-service-agent/execution": ["@event-service-agent/execution@workspace:packages/execution"],

    "@event-service-agent/orchestration": ["@event-service-agent/orchestration@workspace:packages/orchestration"],

    "@event-service-agent/timer": ["@event-service-agent/timer@workspace:packages/timer"],

    "@event-service-agent/ui": ["@event-service-agent/ui@workspace:packages/ui"],

    "@standard-schema/spec": ["@standard-schema/spec@1.0.0", "", {}, "sha512-m2bOd0f2RT9k8QJx1JN85cZYyH1RqFBdlwtkSlf4tBDYLCiiZnv1fIIwacK6cqwXavOydf0NPToMQgpKq+dVlA=="],

    "@tsconfig/bun": ["@tsconfig/bun@1.0.9", "", {}, "sha512-4M0/Ivfwcpz325z6CwSifOBZYji3DFOEpY6zEUt0+Xi2qRhzwvmqQN9XAHJh3OVvRJuAqVTLU2abdCplvp6mwQ=="],

    "@tsconfig/strictest": ["@tsconfig/strictest@2.0.6", "", {}, "sha512-tPOhmDhIUcDjvpDDYyiUdssP84Eqm7n5KxJe5J3/g+s6xoDIPAf+SIn06dhw7VkhxIvLOnhDDrX7tsqMHNEhDg=="],

    "effect": ["effect@3.18.2", "", { "dependencies": { "@standard-schema/spec": "^1.0.0", "fast-check": "^3.23.1" } }, "sha512-WWtrvydMwI4skxwgzISJLGTp3GUSiz9BZ6TzOj7GDsGPNV9sxUq1X31u+OF3JUWXG8ZT3ZuLyM8xSguP/hBFBg=="],

    "fast-check": ["fast-check@3.23.2", "", { "dependencies": { "pure-rand": "^6.1.0" } }, "sha512-h5+1OzzfCC3Ef7VbtKdcv7zsstUQwUDlYpUTvjeUsJAssPgLn7QzbboPtL5ro04Mq0rPOsMzl7q5hIbRs2wD1A=="],

    "pure-rand": ["pure-rand@6.1.0", "", {}, "sha512-bVWawvoZoBYpp6yIoQtQXHZjmz35RSVHnUOTefl8Vcjr8snTPY1wnpSPMWekcFwbxI6gtmT7rSYPFvz71ldiOA=="],

    "typescript": ["typescript@5.9.3", "", { "bin": { "tsc": "bin/tsc", "tsserver": "bin/tsserver" } }, "sha512-jl1vZzPDinLr9eUt3J/t7V6FgNEw9QjvBPdysz9KfQDD41fQrC2Y4vKQdiaUpFT4bXlb1RHhLpp8wtm6M5TgSw=="],
  }
}
